
Microsoft Visual Studio Solution File, Format Version 12.00
# Visual Studio Version 16
VisualStudioVersion = 16.0.30621.155
MinimumVisualStudioVersion = 10.0.40219.1
Project("{FAE04EC0-301F-11D3-BF4B-00C04F79EFBC}") = "Messenger_MVVMLight", "Messenger_MVVMLight\Messenger_MVVMLight.csproj", "{91E8A209-A4BF-4ED2-98B7-4C2396280A38}"
EndProject
Global
	GlobalSection(SolutionConfigurationPlatforms) = preSolution
		Debug|Any CPU = Debug|Any CPU
		Release|Any CPU = Release|Any CPU
	EndGlobalSection
	GlobalSection(ProjectConfigurationPlatforms) = postSolution
		{91E8A209-A4BF-4ED2-98B7-4C2396280A38}.Debug|Any CPU.ActiveCfg = Debug|Any CPU
		{91E8A209-A4BF-4ED2-98B7-4C2396280A38}.Debug|Any CPU.Build.0 = Debug|Any CPU
		{91E8A209-A4BF-4ED2-98B7-4C2396280A38}.Release|Any CPU.ActiveCfg = Release|Any CPU
		{91E8A209-A4BF-4ED2-98B7-4C2396280A38}.Release|Any CPU.Build.0 = Release|Any CPU
	EndGlobalSection
	GlobalSection(SolutionProperties) = preSolution
		HideSolutionNode = FALSE
	EndGlobalSection
	GlobalSection(ExtensibilityGlobals) = postSolution
		SolutionGuid = {CAD21D00-A1D9-4A5D-B17E-4EC3404B06BF}
	EndGlobalSection
EndGlobal
